// !$*UTF8*$!
{
	archiveVersion = 1;
	classes = {
	};
	objectVersion = 77;
	objects = {

/* Begin PBXContainerItemProxy section */
		F2DB8BCE2D6BACED000FE278 /* PBXContainerItemProxy */ = {
			isa = PBXContainerItemProxy;
			containerPortal = F2DB8BB52D6BACEC000FE278 /* Project object */;
			proxyType = 1;
			remoteGlobalIDString = F2DB8BBC2D6BACEC000FE278;
			remoteInfo = search_products;
		};
		F2DB8BD82D6BACED000FE278 /* PBXContainerItemProxy */ = {
			isa = PBXContainerItemProxy;
			containerPortal = F2DB8BB52D6BACEC000FE278 /* Project object */;
			proxyType = 1;
			remoteGlobalIDString = F2DB8BBC2D6BACEC000FE278;
			remoteInfo = search_products;
		};
/* End PBXContainerItemProxy section */

/* Begin PBXFileReference section */
		F2DB8BBD2D6BACEC000FE278 /* search_products.app */ = {isa = PBXFileReference; explicitFileType = wrapper.application; includeInIndex = 0; path = search_products.app; sourceTree = BUILT_PRODUCTS_DIR; };
		F2DB8BCD2D6BACED000FE278 /* search_productsTests.xctest */ = {isa = PBXFileReference; explicitFileType = wrapper.cfbundle; includeInIndex = 0; path = search_productsTests.xctest; sourceTree = BUILT_PRODUCTS_DIR; };
		F2DB8BD72D6BACED000FE278 /* search_productsUITests.xctest */ = {isa = PBXFileReference; explicitFileType = wrapper.cfbundle; includeInIndex = 0; path = search_productsUITests.xctest; sourceTree = BUILT_PRODUCTS_DIR; };
/* End PBXFileReference section */

/* Begin PBXFileSystemSynchronizedRootGroup section */
		F2DB8BBF2D6BACEC000FE278 /* search_products */ = {
			isa = PBXFileSystemSynchronizedRootGroup;
			path = search_products;
			sourceTree = "<group>";
		};
		F2DB8BD02D6BACED000FE278 /* search_productsTests */ = {
			isa = PBXFileSystemSynchronizedRootGroup;
			path = search_productsTests;
			sourceTree = "<group>";
		};
		F2DB8BDA2D6BACED000FE278 /* search_productsUITests */ = {
			isa = PBXFileSystemSynchronizedRootGroup;
			path = search_productsUITests;
			sourceTree = "<group>";
		};
/* End PBXFileSystemSynchronizedRootGroup section */

/* Begin PBXFrameworksBuildPhase section */
		F2DB8BBA2D6BACEC000FE278 /* Frameworks */ = {
			isa = PBXFrameworksBuildPhase;
			buildActionMask = 2147483647;
			files = (
			);
			runOnlyForDeploymentPostprocessing = 0;
		};
		F2DB8BCA2D6BACED000FE278 /* Frameworks */ = {
			isa = PBXFrameworksBuildPhase;
			buildActionMask = 2147483647;
			files = (
			);
			runOnlyForDeploymentPostprocessing = 0;
		};
		F2DB8BD42D6BACED000FE278 /* Frameworks */ = {
			isa = PBXFrameworksBuildPhase;
			buildActionMask = 2147483647;
			files = (
			);
			runOnlyForDeploymentPostprocessing = 0;
		};
/* End PBXFrameworksBuildPhase section */

/* Begin PBXGroup section */
		F2DB8BB42D6BACEC000FE278 = {
			isa = PBXGroup;
			children = (
				F2DB8BBF2D6BACEC000FE278 /* search_products */,
				F2DB8BD02D6BACED000FE278 /* search_productsTests */,
				F2DB8BDA2D6BACED000FE278 /* search_productsUITests */,
				F2DB8BBE2D6BACEC000FE278 /* Products */,
			);
			sourceTree = "<group>";
		};
		F2DB8BBE2D6BACEC000FE278 /* Products */ = {
			isa = PBXGroup;
			children = (
				F2DB8BBD2D6BACEC000FE278 /* search_products.app */,
				F2DB8BCD2D6BACED000FE278 /* search_productsTests.xctest */,
				F2DB8BD72D6BACED000FE278 /* search_productsUITests.xctest */,
			);
			name = Products;
			sourceTree = "<group>";
		};
/* End PBXGroup section */

/* Begin PBXNativeTarget section */
		F2DB8BBC2D6BACEC000FE278 /* search_products */ = {
			isa = PBXNativeTarget;
			buildConfigurationList = F2DB8BE12D6BACED000FE278 /* Build configuration list for PBXNativeTarget "search_products" */;
			buildPhases = (
				F2DB8BB92D6BACEC000FE278 /* Sources */,
				F2DB8BBA2D6BACEC000FE278 /* Frameworks */,
				F2DB8BBB2D6BACEC000FE278 /* Resources */,
			);
			buildRules = (
			);
			dependencies = (
			);
			fileSystemSynchronizedGroups = (
				F2DB8BBF2D6BACEC000FE278 /* search_products */,
			);
			name = search_products;
			packageProductDependencies = (
			);
			productName = search_products;
			productReference = F2DB8BBD2D6BACEC000FE278 /* search_products.app */;
			productType = "com.apple.product-type.application";
		};
		F2DB8BCC2D6BACED000FE278 /* search_productsTests */ = {
			isa = PBXNativeTarget;
			buildConfigurationList = F2DB8BE42D6BACED000FE278 /* Build configuration list for PBXNativeTarget "search_productsTests" */;
			buildPhases = (
				F2DB8BC92D6BACED000FE278 /* Sources */,
				F2DB8BCA2D6BACED000FE278 /* Frameworks */,
				F2DB8BCB2D6BACED000FE278 /* Resources */,
			);
			buildRules = (
			);
			dependencies = (
				F2DB8BCF2D6BACED000FE278 /* PBXTargetDependency */,
			);
			fileSystemSynchronizedGroups = (
				F2DB8BD02D6BACED000FE278 /* search_productsTests */,
			);
			name = search_productsTests;
			packageProductDependencies = (
			);
			productName = search_productsTests;
			productReference = F2DB8BCD2D6BACED000FE278 /* search_productsTests.xctest */;
			productType = "com.apple.product-type.bundle.unit-test";
		};
		F2DB8BD62D6BACED000FE278 /* search_productsUITests */ = {
			isa = PBXNativeTarget;
			buildConfigurationList = F2DB8BE72D6BACED000FE278 /* Build configuration list for PBXNativeTarget "search_productsUITests" */;
			buildPhases = (
				F2DB8BD32D6BACED000FE278 /* Sources */,
				F2DB8BD42D6BACED000FE278 /* Frameworks */,
				F2DB8BD52D6BACED000FE278 /* Resources */,
			);
			buildRules = (
			);
			dependencies = (
				F2DB8BD92D6BACED000FE278 /* PBXTargetDependency */,
			);
			fileSystemSynchronizedGroups = (
				F2DB8BDA2D6BACED000FE278 /* search_productsUITests */,
			);
			name = search_productsUITests;
			packageProductDependencies = (
			);
			productName = search_productsUITests;
			productReference = F2DB8BD72D6BACED000FE278 /* search_productsUITests.xctest */;
			productType = "com.apple.product-type.bundle.ui-testing";
		};
/* End PBXNativeTarget section */

/* Begin PBXProject section */
		F2DB8BB52D6BACEC000FE278 /* Project object */ = {
			isa = PBXProject;
			attributes = {
				BuildIndependentTargetsInParallel = 1;
				LastSwiftUpdateCheck = 1620;
				LastUpgradeCheck = 1620;
				TargetAttributes = {
					F2DB8BBC2D6BACEC000FE278 = {
						CreatedOnToolsVersion = 16.2;
					};
					F2DB8BCC2D6BACED000FE278 = {
						CreatedOnToolsVersion = 16.2;
						TestTargetID = F2DB8BBC2D6BACEC000FE278;
					};
					F2DB8BD62D6BACED000FE278 = {
						CreatedOnToolsVersion = 16.2;
						TestTargetID = F2DB8BBC2D6BACEC000FE278;
					};
				};
			};
			buildConfigurationList = F2DB8BB82D6BACEC000FE278 /* Build configuration list for PBXProject "search_products" */;
			developmentRegion = en;
			hasScannedForEncodings = 0;
			knownRegions = (
				en,
				Base,
			);
			mainGroup = F2DB8BB42D6BACEC000FE278;
			minimizedProjectReferenceProxies = 1;
			preferredProjectObjectVersion = 77;
			productRefGroup = F2DB8BBE2D6BACEC000FE278 /* Products */;
			projectDirPath = "";
			projectRoot = "";
			targets = (
				F2DB8BBC2D6BACEC000FE278 /* search_products */,
				F2DB8BCC2D6BACED000FE278 /* search_productsTests */,
				F2DB8BD62D6BACED000FE278 /* search_productsUITests */,
			);
		};
/* End PBXProject section */

/* Begin PBXResourcesBuildPhase section */
		F2DB8BBB2D6BACEC000FE278 /* Resources */ = {
			isa = PBXResourcesBuildPhase;
			buildActionMask = 2147483647;
			files = (
			);
			runOnlyForDeploymentPostprocessing = 0;
		};
		F2DB8BCB2D6BACED000FE278 /* Resources */ = {
			isa = PBXResourcesBuildPhase;
			buildActionMask = 2147483647;
			files = (
			);
			runOnlyForDeploymentPostprocessing = 0;
		};
		F2DB8BD52D6BACED000FE278 /* Resources */ = {
			isa = PBXResourcesBuildPhase;
			buildActionMask = 2147483647;
			files = (
			);
			runOnlyForDeploymentPostprocessing = 0;
		};
/* End PBXResourcesBuildPhase section */

/* Begin PBXSourcesBuildPhase section */
		F2DB8BB92D6BACEC000FE278 /* Sources */ = {
			isa = PBXSourcesBuildPhase;
			buildActionMask = 2147483647;
			files = (
			);
			runOnlyForDeploymentPostprocessing = 0;
		};
		F2DB8BC92D6BACED000FE278 /* Sources */ = {
			isa = PBXSourcesBuildPhase;
			buildActionMask = 2147483647;
			files = (
			);
			runOnlyForDeploymentPostprocessing = 0;
		};
		F2DB8BD32D6BACED000FE278 /* Sources */ = {
			isa = PBXSourcesBuildPhase;
			buildActionMask = 2147483647;
			files = (
			);
			runOnlyForDeploymentPostprocessing = 0;
		};
/* End PBXSourcesBuildPhase section */

/* Begin PBXTargetDependency section */
		F2DB8BCF2D6BACED000FE278 /* PBXTargetDependency */ = {
			isa = PBXTargetDependency;
			target = F2DB8BBC2D6BACEC000FE278 /* search_products */;
			targetProxy = F2DB8BCE2D6BACED000FE278 /* PBXContainerItemProxy */;
		};
		F2DB8BD92D6BACED000FE278 /* PBXTargetDependency */ = {
			isa = PBXTargetDependency;
			target = F2DB8BBC2D6BACEC000FE278 /* search_products */;
			targetProxy = F2DB8BD82D6BACED000FE278 /* PBXContainerItemProxy */;
		};
/* End PBXTargetDependency section */

/* Begin XCBuildConfiguration section */
		F2DB8BDF2D6BACED000FE278 /* Debug */ = {
			isa = XCBuildConfiguration;
			buildSettings = {
				ALWAYS_SEARCH_USER_PATHS = NO;
				ASSETCATALOG_COMPILER_GENERATE_SWIFT_ASSET_SYMBOL_EXTENSIONS = YES;
				CLANG_ANALYZER_NONNULL = YES;
				CLANG_ANALYZER_NUMBER_OBJECT_CONVERSION = YES_AGGRESSIVE;
				CLANG_CXX_LANGUAGE_STANDARD = "gnu++20";
				CLANG_ENABLE_MODULES = YES;
				CLANG_ENABLE_OBJC_ARC = YES;
				CLANG_ENABLE_OBJC_WEAK = YES;
				CLANG_WARN_BLOCK_CAPTURE_AUTORELEASING = YES;
				CLANG_WARN_BOOL_CONVERSION = YES;
				CLANG_WARN_COMMA = YES;
				CLANG_WARN_CONSTANT_CONVERSION = YES;
				CLANG_WARN_DEPRECATED_OBJC_IMPLEMENTATIONS = YES;
				CLANG_WARN_DIRECT_OBJC_ISA_USAGE = YES_ERROR;
				CLANG_WARN_DOCUMENTATION_COMMENTS = YES;
				CLANG_WARN_EMPTY_BODY = YES;
				CLANG_WARN_ENUM_CONVERSION = YES;
				CLANG_WARN_INFINITE_RECURSION = YES;
				CLANG_WARN_INT_CONVERSION = YES;
				CLANG_WARN_NON_LITERAL_NULL_CONVERSION = YES;
				CLANG_WARN_OBJC_IMPLICIT_RETAIN_SELF = YES;
				CLANG_WARN_OBJC_LITERAL_CONVERSION = YES;
				CLANG_WARN_OBJC_ROOT_CLASS = YES_ERROR;
				CLANG_WARN_QUOTED_INCLUDE_IN_FRAMEWORK_HEADER = YES;
				CLANG_WARN_RANGE_LOOP_ANALYSIS = YES;
				CLANG_WARN_STRICT_PROTOTYPES = YES;
				CLANG_WARN_SUSPICIOUS_MOVE = YES;
				CLANG_WARN_UNGUARDED_AVAILABILITY = YES_AGGRESSIVE;
				CLANG_WARN_UNREACHABLE_CODE = YES;
				CLANG_WARN__DUPLICATE_METHOD_MATCH = YES;
				COPY_PHASE_STRIP = NO;
				DEBUG_INFORMATION_FORMAT = dwarf;
				ENABLE_STRICT_OBJC_MSGSEND = YES;
				ENABLE_TESTABILITY = YES;
				ENABLE_USER_SCRIPT_SANDBOXING = YES;
				GCC_C_LANGUAGE_STANDARD = gnu17;
				GCC_DYNAMIC_NO_PIC = NO;
				GCC_NO_COMMON_BLOCKS = YES;
				GCC_OPTIMIZATION_LEVEL = 0;
				GCC_PREPROCESSOR_DEFINITIONS = (
					"DEBUG=1",
					"$(inherited)",
				);
				GCC_WARN_64_TO_32_BIT_CONVERSION = YES;
				GCC_WARN_ABOUT_RETURN_TYPE = YES_ERROR;
				GCC_WARN_UNDECLARED_SELECTOR = YES;
				GCC_WARN_UNINITIALIZED_AUTOS = YES_AGGRESSIVE;
				GCC_WARN_UNUSED_FUNCTION = YES;
				GCC_WARN_UNUSED_VARIABLE = YES;
				IPHONEOS_DEPLOYMENT_TARGET = 18.2;
				LOCALIZATION_PREFERS_STRING_CATALOGS = YES;
				MTL_ENABLE_DEBUG_INFO = INCLUDE_SOURCE;
				MTL_FAST_MATH = YES;
				ONLY_ACTIVE_ARCH = YES;
				SDKROOT = iphoneos;
				SWIFT_ACTIVE_COMPILATION_CONDITIONS = "DEBUG $(inherited)";
				SWIFT_OPTIMIZATION_LEVEL = "-Onone";
			};
			name = Debug;
		};
		F2DB8BE02D6BACED000FE278 /* Release */ = {
			isa = XCBuildConfiguration;
			buildSettings = {
				ALWAYS_SEARCH_USER_PATHS = NO;
				ASSETCATALOG_COMPILER_GENERATE_SWIFT_ASSET_SYMBOL_EXTENSIONS = YES;
				CLANG_ANALYZER_NONNULL = YES;
				CLANG_ANALYZER_NUMBER_OBJECT_CONVERSION = YES_AGGRESSIVE;
				CLANG_CXX_LANGUAGE_STANDARD = "gnu++20";
				CLANG_ENABLE_MODULES = YES;
				CLANG_ENABLE_OBJC_ARC = YES;
				CLANG_ENABLE_OBJC_WEAK = YES;
				CLANG_WARN_BLOCK_CAPTURE_AUTORELEASING = YES;
				CLANG_WARN_BOOL_CONVERSION = YES;
				CLANG_WARN_COMMA = YES;
				CLANG_WARN_CONSTANT_CONVERSION = YES;
				CLANG_WARN_DEPRECATED_OBJC_IMPLEMENTATIONS = YES;
				CLANG_WARN_DIRECT_OBJC_ISA_USAGE = YES_ERROR;
				CLANG_WARN_DOCUMENTATION_COMMENTS = YES;
				CLANG_WARN_EMPTY_BODY = YES;
				CLANG_WARN_ENUM_CONVERSION = YES;
				CLANG_WARN_INFINITE_RECURSION = YES;
				CLANG_WARN_INT_CONVERSION = YES;
				CLANG_WARN_NON_LITERAL_NULL_CONVERSION = YES;
				CLANG_WARN_OBJC_IMPLICIT_RETAIN_SELF = YES;
				CLANG_WARN_OBJC_LITERAL_CONVERSION = YES;
				CLANG_WARN_OBJC_ROOT_CLASS = YES_ERROR;
				CLANG_WARN_QUOTED_INCLUDE_IN_FRAMEWORK_HEADER = YES;
				CLANG_WARN_RANGE_LOOP_ANALYSIS = YES;
				CLANG_WARN_STRICT_PROTOTYPES = YES;
				CLANG_WARN_SUSPICIOUS_MOVE = YES;
				CLANG_WARN_UNGUARDED_AVAILABILITY = YES_AGGRESSIVE;
				CLANG_WARN_UNREACHABLE_CODE = YES;
				CLANG_WARN__DUPLICATE_METHOD_MATCH = YES;
				COPY_PHASE_STRIP = NO;
				DEBUG_INFORMATION_FORMAT = "dwarf-with-dsym";
				ENABLE_NS_ASSERTIONS = NO;
				ENABLE_STRICT_OBJC_MSGSEND = YES;
				ENABLE_USER_SCRIPT_SANDBOXING = YES;
				GCC_C_LANGUAGE_STANDARD = gnu17;
				GCC_NO_COMMON_BLOCKS = YES;
				GCC_WARN_64_TO_32_BIT_CONVERSION = YES;
				GCC_WARN_ABOUT_RETURN_TYPE = YES_ERROR;
				GCC_WARN_UNDECLARED_SELECTOR = YES;
				GCC_WARN_UNINITIALIZED_AUTOS = YES_AGGRESSIVE;
				GCC_WARN_UNUSED_FUNCTION = YES;
				GCC_WARN_UNUSED_VARIABLE = YES;
				IPHONEOS_DEPLOYMENT_TARGET = 18.2;
				LOCALIZATION_PREFERS_STRING_CATALOGS = YES;
				MTL_ENABLE_DEBUG_INFO = NO;
				MTL_FAST_MATH = YES;
				SDKROOT = iphoneos;
				SWIFT_COMPILATION_MODE = wholemodule;
				VALIDATE_PRODUCT = YES;
			};
			name = Release;
		};
		F2DB8BE22D6BACED000FE278 /* Debug */ = {
			isa = XCBuildConfiguration;
			buildSettings = {
				ASSETCATALOG_COMPILER_APPICON_NAME = AppIcon;
				ASSETCATALOG_COMPILER_GLOBAL_ACCENT_COLOR_NAME = AccentColor;
				CODE_SIGN_STYLE = Automatic;
				CURRENT_PROJECT_VERSION = 1;
				DEVELOPMENT_ASSET_PATHS = "\"search_products/Preview Content\"";
				ENABLE_PREVIEWS = YES;
				GENERATE_INFOPLIST_FILE = YES;
				INFOPLIST_KEY_UIApplicationSceneManifest_Generation = YES;
				INFOPLIST_KEY_UIApplicationSupportsIndirectInputEvents = YES;
				INFOPLIST_KEY_UILaunchScreen_Generation = YES;
				INFOPLIST_KEY_UISupportedInterfaceOrientations_iPad = "UIInterfaceOrientationPortrait UIInterfaceOrientationPortraitUpsideDown UIInterfaceOrientationLandscapeLeft UIInterfaceOrientationLandscapeRight";
				INFOPLIST_KEY_UISupportedInterfaceOrientations_iPhone = "UIInterfaceOrientationPortrait UIInterfaceOrientationLandscapeLeft UIInterfaceOrientationLandscapeRight";
				LD_RUNPATH_SEARCH_PATHS = (
					"$(inherited)",
					"@executable_path/Frameworks",
				);
				MARKETING_VERSION = 1.0;
				PRODUCT_BUNDLE_IDENTIFIER = "com.alejandroburdio.search-products";
				PRODUCT_NAME = "$(TARGET_NAME)";
				SWIFT_EMIT_LOC_STRINGS = YES;
				SWIFT_VERSION = 5.0;
				TARGETED_DEVICE_FAMILY = "1,2";
			};
			name = Debug;
		};
		F2DB8BE32D6BACED000FE278 /* Release */ = {
			isa = XCBuildConfiguration;
			buildSettings = {
				ASSETCATALOG_COMPILER_APPICON_NAME = AppIcon;
				ASSETCATALOG_COMPILER_GLOBAL_ACCENT_COLOR_NAME = AccentColor;
				CODE_SIGN_STYLE = Automatic;
				CURRENT_PROJECT_VERSION = 1;
				DEVELOPMENT_ASSET_PATHS = "\"search_products/Preview Content\"";
				ENABLE_PREVIEWS = YES;
				GENERATE_INFOPLIST_FILE = YES;
				INFOPLIST_KEY_UIApplicationSceneManifest_Generation = YES;
				INFOPLIST_KEY_UIApplicationSupportsIndirectInputEvents = YES;
				INFOPLIST_KEY_UILaunchScreen_Generation = YES;
				INFOPLIST_KEY_UISupportedInterfaceOrientations_iPad = "UIInterfaceOrientationPortrait UIInterfaceOrientationPortraitUpsideDown UIInterfaceOrientationLandscapeLeft UIInterfaceOrientationLandscapeRight";
				INFOPLIST_KEY_UISupportedInterfaceOrientations_iPhone = "UIInterfaceOrientationPortrait UIInterfaceOrientationLandscapeLeft UIInterfaceOrientationLandscapeRight";
				LD_RUNPATH_SEARCH_PATHS = (
					"$(inherited)",
					"@executable_path/Frameworks",
				);
				MARKETING_VERSION = 1.0;
				PRODUCT_BUNDLE_IDENTIFIER = "com.alejandroburdio.search-products";
				PRODUCT_NAME = "$(TARGET_NAME)";
				SWIFT_EMIT_LOC_STRINGS = YES;
				SWIFT_VERSION = 5.0;
				TARGETED_DEVICE_FAMILY = "1,2";
			};
			name = Release;
		};
		F2DB8BE52D6BACED000FE278 /* Debug */ = {
			isa = XCBuildConfiguration;
			buildSettings = {
				BUNDLE_LOADER = "$(TEST_HOST)";
				CODE_SIGN_STYLE = Automatic;
				CURRENT_PROJECT_VERSION = 1;
				GENERATE_INFOPLIST_FILE = YES;
				IPHONEOS_DEPLOYMENT_TARGET = 18.2;
				MARKETING_VERSION = 1.0;
				PRODUCT_BUNDLE_IDENTIFIER = "com.alejandroburdio.search-productsTests";
				PRODUCT_NAME = "$(TARGET_NAME)";
				SWIFT_EMIT_LOC_STRINGS = NO;
				SWIFT_VERSION = 5.0;
				TARGETED_DEVICE_FAMILY = "1,2";
				TEST_HOST = "$(BUILT_PRODUCTS_DIR)/search_products.app/$(BUNDLE_EXECUTABLE_FOLDER_PATH)/search_products";
			};
			name = Debug;
		};
		F2DB8BE62D6BACED000FE278 /* Release */ = {
			isa = XCBuildConfiguration;
			buildSettings = {
				BUNDLE_LOADER = "$(TEST_HOST)";
				CODE_SIGN_STYLE = Automatic;
				CURRENT_PROJECT_VERSION = 1;
				GENERATE_INFOPLIST_FILE = YES;
				IPHONEOS_DEPLOYMENT_TARGET = 18.2;
				MARKETING_VERSION = 1.0;
				PRODUCT_BUNDLE_IDENTIFIER = "com.alejandroburdio.search-productsTests";
				PRODUCT_NAME = "$(TARGET_NAME)";
				SWIFT_EMIT_LOC_STRINGS = NO;
				SWIFT_VERSION = 5.0;
				TARGETED_DEVICE_FAMILY = "1,2";
				TEST_HOST = "$(BUILT_PRODUCTS_DIR)/search_products.app/$(BUNDLE_EXECUTABLE_FOLDER_PATH)/search_products";
			};
			name = Release;
		};
		F2DB8BE82D6BACED000FE278 /* Debug */ = {
			isa = XCBuildConfiguration;
			buildSettings = {
				CODE_SIGN_STYLE = Automatic;
				CURRENT_PROJECT_VERSION = 1;
				GENERATE_INFOPLIST_FILE = YES;
				MARKETING_VERSION = 1.0;
				PRODUCT_BUNDLE_IDENTIFIER = "com.alejandroburdio.search-productsUITests";
				PRODUCT_NAME = "$(TARGET_NAME)";
				SWIFT_EMIT_LOC_STRINGS = NO;
				SWIFT_VERSION = 5.0;
				TARGETED_DEVICE_FAMILY = "1,2";
				TEST_TARGET_NAME = search_products;
			};
			name = Debug;
		};
		F2DB8BE92D6BACED000FE278 /* Release */ = {
			isa = XCBuildConfiguration;
			buildSettings = {
				CODE_SIGN_STYLE = Automatic;
				CURRENT_PROJECT_VERSION = 1;
				GENERATE_INFOPLIST_FILE = YES;
				MARKETING_VERSION = 1.0;
				PRODUCT_BUNDLE_IDENTIFIER = "com.alejandroburdio.search-productsUITests";
				PRODUCT_NAME = "$(TARGET_NAME)";
				SWIFT_EMIT_LOC_STRINGS = NO;
				SWIFT_VERSION = 5.0;
				TARGETED_DEVICE_FAMILY = "1,2";
				TEST_TARGET_NAME = search_products;
			};
			name = Release;
		};
/* End XCBuildConfiguration section */

/* Begin XCConfigurationList section */
		F2DB8BB82D6BACEC000FE278 /* Build configuration list for PBXProject "search_products" */ = {
			isa = XCConfigurationList;
			buildConfigurations = (
				F2DB8BDF2D6BACED000FE278 /* Debug */,
				F2DB8BE02D6BACED000FE278 /* Release */,
			);
			defaultConfigurationIsVisible = 0;
			defaultConfigurationName = Release;
		};
		F2DB8BE12D6BACED000FE278 /* Build configuration list for PBXNativeTarget "search_products" */ = {
			isa = XCConfigurationList;
			buildConfigurations = (
				F2DB8BE22D6BACED000FE278 /* Debug */,
				F2DB8BE32D6BACED000FE278 /* Release */,
			);
			defaultConfigurationIsVisible = 0;
			defaultConfigurationName = Release;
		};
		F2DB8BE42D6BACED000FE278 /* Build configuration list for PBXNativeTarget "search_productsTests" */ = {
			isa = XCConfigurationList;
			buildConfigurations = (
				F2DB8BE52D6BACED000FE278 /* Debug */,
				F2DB8BE62D6BACED000FE278 /* Release */,
			);
			defaultConfigurationIsVisible = 0;
			defaultConfigurationName = Release;
		};
		F2DB8BE72D6BACED000FE278 /* Build configuration list for PBXNativeTarget "search_productsUITests" */ = {
			isa = XCConfigurationList;
			buildConfigurations = (
				F2DB8BE82D6BACED000FE278 /* Debug */,
				F2DB8BE92D6BACED000FE278 /* Release */,
			);
			defaultConfigurationIsVisible = 0;
			defaultConfigurationName = Release;
		};
/* End XCConfigurationList section */
	};
	rootObject = F2DB8BB52D6BACEC000FE278 /* Project object */;
}
